
Microsoft Visual Studio Solution File, Format Version 12.00
# Visual Studio Version 17
VisualStudioVersion = 17.9.34723.18
MinimumVisualStudioVersion = 10.0.40219.1
Project("{FAE04EC0-301F-11D3-BF4B-00C04F79EFBC}") = "1", "1\1.csproj", "{ACC7D3F5-0A59-40A0-A35E-A348F51C71A6}"
EndProject
Project("{FAE04EC0-301F-11D3-BF4B-00C04F79EFBC}") = "2", "2\2.csproj", "{0FF3B355-2746-4702-BDD5-DE96DEC1734B}"
EndProject
Global
	GlobalSection(SolutionConfigurationPlatforms) = preSolution
		Debug|Any CPU = Debug|Any CPU
		Release|Any CPU = Release|Any CPU
	EndGlobalSection
	GlobalSection(ProjectConfigurationPlatforms) = postSolution
		{ACC7D3F5-0A59-40A0-A35E-A348F51C71A6}.Debug|Any CPU.ActiveCfg = Debug|Any CPU
		{ACC7D3F5-0A59-40A0-A35E-A348F51C71A6}.Debug|Any CPU.Build.0 = Debug|Any CPU
		{ACC7D3F5-0A59-40A0-A35E-A348F51C71A6}.Release|Any CPU.ActiveCfg = Release|Any CPU
		{ACC7D3F5-0A59-40A0-A35E-A348F51C71A6}.Release|Any CPU.Build.0 = Release|Any CPU
		{0FF3B355-2746-4702-BDD5-DE96DEC1734B}.Debug|Any CPU.ActiveCfg = Debug|Any CPU
		{0FF3B355-2746-4702-BDD5-DE96DEC1734B}.Debug|Any CPU.Build.0 = Debug|Any CPU
		{0FF3B355-2746-4702-BDD5-DE96DEC1734B}.Release|Any CPU.ActiveCfg = Release|Any CPU
		{0FF3B355-2746-4702-BDD5-DE96DEC1734B}.Release|Any CPU.Build.0 = Release|Any CPU
	EndGlobalSection
	GlobalSection(SolutionProperties) = preSolution
		HideSolutionNode = FALSE
	EndGlobalSection
	GlobalSection(ExtensibilityGlobals) = postSolution
		SolutionGuid = {37730B4D-A455-411C-9841-73E6F55EEFC7}
	EndGlobalSection
EndGlobal
